
Microsoft Visual Studio Solution File, Format Version 12.00
# Visual Studio 15
VisualStudioVersion = 15.0.27004.2009
MinimumVisualStudioVersion = 10.0.40219.1
Project("{FAE04EC0-301F-11D3-BF4B-00C04F79EFBC}") = "HomeTask5", "HomeTask5\HomeTask5.csproj", "{95051E91-241A-434B-AB0F-C6D1C3C7BABC}"
EndProject
Global
	GlobalSection(SolutionConfigurationPlatforms) = preSolution
		Debug|Any CPU = Debug|Any CPU
		Release|Any CPU = Release|Any CPU
	EndGlobalSection
	GlobalSection(ProjectConfigurationPlatforms) = postSolution
		{95051E91-241A-434B-AB0F-C6D1C3C7BABC}.Debug|Any CPU.ActiveCfg = Debug|Any CPU
		{95051E91-241A-434B-AB0F-C6D1C3C7BABC}.Debug|Any CPU.Build.0 = Debug|Any CPU
		{95051E91-241A-434B-AB0F-C6D1C3C7BABC}.Release|Any CPU.ActiveCfg = Release|Any CPU
		{95051E91-241A-434B-AB0F-C6D1C3C7BABC}.Release|Any CPU.Build.0 = Release|Any CPU
	EndGlobalSection
	GlobalSection(SolutionProperties) = preSolution
		HideSolutionNode = FALSE
	EndGlobalSection
	GlobalSection(ExtensibilityGlobals) = postSolution
		SolutionGuid = {767D4223-47A9-4534-BAC3-77275567A2BE}
	EndGlobalSection
EndGlobal
